
Microsoft Visual Studio Solution File, Format Version 11.00
# Visual Studio 2010
Project("{AA293C2D-DB1D-59C3-2DFD-35DE45FBD1A3}") = "Arithmetic Neural Network", "Assembly-UnityScript.unityproj", "{423134A8-2684-2086-07E0-E95A6CEA093F}"
EndProject
Global
	GlobalSection(SolutionConfigurationPlatforms) = preSolution
		Debug|Any CPU = Debug|Any CPU
		Release|Any CPU = Release|Any CPU
	EndGlobalSection
	GlobalSection(ProjectConfigurationPlatforms) = postSolution
		{423134A8-2684-2086-07E0-E95A6CEA093F}.Debug|Any CPU.ActiveCfg = Debug|Any CPU
		{423134A8-2684-2086-07E0-E95A6CEA093F}.Debug|Any CPU.Build.0 = Debug|Any CPU
		{423134A8-2684-2086-07E0-E95A6CEA093F}.Release|Any CPU.ActiveCfg = Release|Any CPU
		{423134A8-2684-2086-07E0-E95A6CEA093F}.Release|Any CPU.Build.0 = Release|Any CPU
	EndGlobalSection
	GlobalSection(SolutionProperties) = preSolution
		HideSolutionNode = FALSE
	EndGlobalSection
	GlobalSection(MonoDevelopProperties) = preSolution
		StartupItem = Assembly-CSharp.csproj
	EndGlobalSection
EndGlobal
